Microsoft Visual Studio Solution File, Format Version 12.00
# Visual Studio Version 17
VisualStudioVersion = 17.0.31903.59
MinimumVisualStudioVersion = 10.0.40219.1
Project("{DD103928-0DAE-474D-A42C-7ACEE17723AA}") = "Project_986ee75cb6bc4da087173b355cfa1a30_20250601200320501620", "Project_986ee75cb6bc4da087173b355cfa1a30_20250601200320501620.csproj", "{DD103928-0DAE-474D-A42C-7ACEE17723AA}"
EndProject
Global
    GlobalSection(SolutionConfigurationPlatforms) = preSolution
        Debug|Any CPU = Debug|Any CPU
        Release|Any CPU = Release|Any CPU
    EndGlobalSection
    GlobalSection(ProjectConfigurationPlatforms) = postSolution
        {DD103928-0DAE-474D-A42C-7ACEE17723AA}.Debug|Any CPU.ActiveCfg = Debug|Any CPU
        {DD103928-0DAE-474D-A42C-7ACEE17723AA}.Debug|Any CPU.Build.0 = Debug|Any CPU
        {DD103928-0DAE-474D-A42C-7ACEE17723AA}.Release|Any CPU.ActiveCfg = Release|Any CPU
        {DD103928-0DAE-474D-A42C-7ACEE17723AA}.Release|Any CPU.Build.0 = Release|Any CPU
    EndGlobalSection
EndGlobal